
Microsoft Visual Studio Solution File, Format Version 12.00
# Visual Studio Version 16
VisualStudioVersion = 16.0.30114.105
MinimumVisualStudioVersion = 10.0.40219.1
Project("{FAE04EC0-301F-11D3-BF4B-00C04F79EFBC}") = "Penca53.Variant", "Penca53.Variant\Penca53.Variant.csproj", "{ED45B4F3-D243-4C98-8905-7AC9E163F9F3}"
EndProject
Project("{FAE04EC0-301F-11D3-BF4B-00C04F79EFBC}") = "Penca53.Variant.TestConsole", "Penca53.Variant.TestConsole\Penca53.Variant.TestConsole.csproj", "{CBDA602F-0DBA-4F53-8563-752B86F6D666}"
EndProject
Global
	GlobalSection(SolutionConfigurationPlatforms) = preSolution
		Debug|Any CPU = Debug|Any CPU
		Debug|x64 = Debug|x64
		Debug|x86 = Debug|x86
		Release|Any CPU = Release|Any CPU
		Release|x64 = Release|x64
		Release|x86 = Release|x86
	EndGlobalSection
	GlobalSection(SolutionProperties) = preSolution
		HideSolutionNode = FALSE
	EndGlobalSection
	GlobalSection(ProjectConfigurationPlatforms) = postSolution
		{ED45B4F3-D243-4C98-8905-7AC9E163F9F3}.Debug|Any CPU.ActiveCfg = Debug|Any CPU
		{ED45B4F3-D243-4C98-8905-7AC9E163F9F3}.Debug|Any CPU.Build.0 = Debug|Any CPU
		{ED45B4F3-D243-4C98-8905-7AC9E163F9F3}.Debug|x64.ActiveCfg = Debug|Any CPU
		{ED45B4F3-D243-4C98-8905-7AC9E163F9F3}.Debug|x64.Build.0 = Debug|Any CPU
		{ED45B4F3-D243-4C98-8905-7AC9E163F9F3}.Debug|x86.ActiveCfg = Debug|Any CPU
		{ED45B4F3-D243-4C98-8905-7AC9E163F9F3}.Debug|x86.Build.0 = Debug|Any CPU
		{ED45B4F3-D243-4C98-8905-7AC9E163F9F3}.Release|Any CPU.ActiveCfg = Release|Any CPU
		{ED45B4F3-D243-4C98-8905-7AC9E163F9F3}.Release|Any CPU.Build.0 = Release|Any CPU
		{ED45B4F3-D243-4C98-8905-7AC9E163F9F3}.Release|x64.ActiveCfg = Release|Any CPU
		{ED45B4F3-D243-4C98-8905-7AC9E163F9F3}.Release|x64.Build.0 = Release|Any CPU
		{ED45B4F3-D243-4C98-8905-7AC9E163F9F3}.Release|x86.ActiveCfg = Release|Any CPU
		{ED45B4F3-D243-4C98-8905-7AC9E163F9F3}.Release|x86.Build.0 = Release|Any CPU
		{CBDA602F-0DBA-4F53-8563-752B86F6D666}.Debug|Any CPU.ActiveCfg = Debug|Any CPU
		{CBDA602F-0DBA-4F53-8563-752B86F6D666}.Debug|Any CPU.Build.0 = Debug|Any CPU
		{CBDA602F-0DBA-4F53-8563-752B86F6D666}.Debug|x64.ActiveCfg = Debug|Any CPU
		{CBDA602F-0DBA-4F53-8563-752B86F6D666}.Debug|x64.Build.0 = Debug|Any CPU
		{CBDA602F-0DBA-4F53-8563-752B86F6D666}.Debug|x86.ActiveCfg = Debug|Any CPU
		{CBDA602F-0DBA-4F53-8563-752B86F6D666}.Debug|x86.Build.0 = Debug|Any CPU
		{CBDA602F-0DBA-4F53-8563-752B86F6D666}.Release|Any CPU.ActiveCfg = Release|Any CPU
		{CBDA602F-0DBA-4F53-8563-752B86F6D666}.Release|Any CPU.Build.0 = Release|Any CPU
		{CBDA602F-0DBA-4F53-8563-752B86F6D666}.Release|x64.ActiveCfg = Release|Any CPU
		{CBDA602F-0DBA-4F53-8563-752B86F6D666}.Release|x64.Build.0 = Release|Any CPU
		{CBDA602F-0DBA-4F53-8563-752B86F6D666}.Release|x86.ActiveCfg = Release|Any CPU
		{CBDA602F-0DBA-4F53-8563-752B86F6D666}.Release|x86.Build.0 = Release|Any CPU
	EndGlobalSection
EndGlobal
